
Microsoft Visual Studio Solution File, Format Version 12.00
# Visual Studio 14
VisualStudioVersion = 14.0.24720.0
MinimumVisualStudioVersion = 10.0.40219.1
Project("{FAE04EC0-301F-11D3-BF4B-00C04F79EFBC}") = "Quiron.LojaVirtual.Dominio", "Quiron.LojaVirtual.Dominio\Quiron.LojaVirtual.Dominio.csproj", "{CA1F6FF2-B62C-4455-9B35-85C6F736C950}"
EndProject
Project("{FAE04EC0-301F-11D3-BF4B-00C04F79EFBC}") = "Quiron.LojaVirtual.Web", "Quiron.LojaVirtual.Web\Quiron.LojaVirtual.Web.csproj", "{F3AD7336-D797-4835-A780-DB02E4103D48}"
EndProject
Project("{FAE04EC0-301F-11D3-BF4B-00C04F79EFBC}") = "Quiron.LojaVirtual.UnitTest", "Quiron.LojaVirtual.UnitTest\Quiron.LojaVirtual.UnitTest.csproj", "{9E24DD46-DB6B-44D8-8153-E5B0E4578471}"
EndProject
Global
	GlobalSection(SolutionConfigurationPlatforms) = preSolution
		Debug|Any CPU = Debug|Any CPU
		Release|Any CPU = Release|Any CPU
	EndGlobalSection
	GlobalSection(ProjectConfigurationPlatforms) = postSolution
		{CA1F6FF2-B62C-4455-9B35-85C6F736C950}.Debug|Any CPU.ActiveCfg = Debug|Any CPU
		{CA1F6FF2-B62C-4455-9B35-85C6F736C950}.Debug|Any CPU.Build.0 = Debug|Any CPU
		{CA1F6FF2-B62C-4455-9B35-85C6F736C950}.Release|Any CPU.ActiveCfg = Release|Any CPU
		{CA1F6FF2-B62C-4455-9B35-85C6F736C950}.Release|Any CPU.Build.0 = Release|Any CPU
		{F3AD7336-D797-4835-A780-DB02E4103D48}.Debug|Any CPU.ActiveCfg = Debug|Any CPU
		{F3AD7336-D797-4835-A780-DB02E4103D48}.Debug|Any CPU.Build.0 = Debug|Any CPU
		{F3AD7336-D797-4835-A780-DB02E4103D48}.Release|Any CPU.ActiveCfg = Release|Any CPU
		{F3AD7336-D797-4835-A780-DB02E4103D48}.Release|Any CPU.Build.0 = Release|Any CPU
		{9E24DD46-DB6B-44D8-8153-E5B0E4578471}.Debug|Any CPU.ActiveCfg = Debug|Any CPU
		{9E24DD46-DB6B-44D8-8153-E5B0E4578471}.Debug|Any CPU.Build.0 = Debug|Any CPU
		{9E24DD46-DB6B-44D8-8153-E5B0E4578471}.Release|Any CPU.ActiveCfg = Release|Any CPU
		{9E24DD46-DB6B-44D8-8153-E5B0E4578471}.Release|Any CPU.Build.0 = Release|Any CPU
	EndGlobalSection
	GlobalSection(SolutionProperties) = preSolution
		HideSolutionNode = FALSE
	EndGlobalSection
EndGlobal
